
Microsoft Visual Studio Solution File, Format Version 12.00
# Visual Studio Version 17
VisualStudioVersion = 17.4.33205.214
MinimumVisualStudioVersion = 10.0.40219.1
Project("{FAE04EC0-301F-11D3-BF4B-00C04F79EFBC}") = "ProductsAnalyzer", "ProductsAnalyzer\ProductsAnalyzer.csproj", "{8AEA345F-351E-4D6E-BFF7-841AFD427280}"
EndProject
Global
	GlobalSection(SolutionConfigurationPlatforms) = preSolution
		Debug|Any CPU = Debug|Any CPU
		Release|Any CPU = Release|Any CPU
	EndGlobalSection
	GlobalSection(ProjectConfigurationPlatforms) = postSolution
		{8AEA345F-351E-4D6E-BFF7-841AFD427280}.Debug|Any CPU.ActiveCfg = Debug|Any CPU
		{8AEA345F-351E-4D6E-BFF7-841AFD427280}.Debug|Any CPU.Build.0 = Debug|Any CPU
		{8AEA345F-351E-4D6E-BFF7-841AFD427280}.Release|Any CPU.ActiveCfg = Release|Any CPU
		{8AEA345F-351E-4D6E-BFF7-841AFD427280}.Release|Any CPU.Build.0 = Release|Any CPU
	EndGlobalSection
	GlobalSection(SolutionProperties) = preSolution
		HideSolutionNode = FALSE
	EndGlobalSection
	GlobalSection(ExtensibilityGlobals) = postSolution
		SolutionGuid = {DED1FD7E-E6ED-418E-9841-2E30A16B3BCA}
	EndGlobalSection
EndGlobal
